// !$*UTF8*$!
{
	archiveVersion = 1;
	classes = {
	};
	objectVersion = 56;
	objects = {

/* Begin PBXBuildFile section */
		8D4482EA29C4B30500D3F13D /* FollowerListVC.swift in Sources */ = {isa = PBXBuildFile; fileRef = 8D4482E929C4B30500D3F13D /* FollowerListVC.swift */; };
		8D8405B129D24BD90029433E /* Follower.swift in Sources */ = {isa = PBXBuildFile; fileRef = 8D8405B029D24BD90029433E /* Follower.swift */; };
		8D8405B329D24BF20029433E /* User.swift in Sources */ = {isa = PBXBuildFile; fileRef = 8D8405B229D24BF20029433E /* User.swift */; };
		8D8405B629D263E80029433E /* NetworkManager.swift in Sources */ = {isa = PBXBuildFile; fileRef = 8D8405B529D263E80029433E /* NetworkManager.swift */; };
		8D8405B929D384E70029433E /* GFError.swift in Sources */ = {isa = PBXBuildFile; fileRef = 8D8405B829D384E70029433E /* GFError.swift */; };
		8D8405BC29D399E30029433E /* FollowerCell.swift in Sources */ = {isa = PBXBuildFile; fileRef = 8D8405BB29D399E30029433E /* FollowerCell.swift */; };
		8D8405BE29D39A9D0029433E /* GFAvatarImageView.swift in Sources */ = {isa = PBXBuildFile; fileRef = 8D8405BD29D39A9D0029433E /* GFAvatarImageView.swift */; };
		8D8405C029D4F3CA0029433E /* UIHelper.swift in Sources */ = {isa = PBXBuildFile; fileRef = 8D8405BF29D4F3CA0029433E /* UIHelper.swift */; };
		8D8405C829EEE6E30029433E /* GFEmptyStateView.swift in Sources */ = {isa = PBXBuildFile; fileRef = 8D8405C729EEE6E30029433E /* GFEmptyStateView.swift */; };
		8D8405CA29F066CD0029433E /* UserInfoVC.swift in Sources */ = {isa = PBXBuildFile; fileRef = 8D8405C929F066CC0029433E /* UserInfoVC.swift */; };
		8D8405CC2A1FF6F40029433E /* GFUserInfoHeaderVC.swift in Sources */ = {isa = PBXBuildFile; fileRef = 8D8405CB2A1FF6F40029433E /* GFUserInfoHeaderVC.swift */; };
		8D8405CE2A1FF7680029433E /* GFSecondaryTitleLabel.swift in Sources */ = {isa = PBXBuildFile; fileRef = 8D8405CD2A1FF7680029433E /* GFSecondaryTitleLabel.swift */; };
		8D8405D02A2000470029433E /* Constants.swift in Sources */ = {isa = PBXBuildFile; fileRef = 8D8405CF2A2000470029433E /* Constants.swift */; };
		8D8405D22A210BF70029433E /* GFItemInfoView.swift in Sources */ = {isa = PBXBuildFile; fileRef = 8D8405D12A210BF70029433E /* GFItemInfoView.swift */; };
		8D8405D42A21126E0029433E /* GFItemInfoVC.swift in Sources */ = {isa = PBXBuildFile; fileRef = 8D8405D32A21126E0029433E /* GFItemInfoVC.swift */; };
		8D8405D62A2117790029433E /* GFRepoItemVC.swift in Sources */ = {isa = PBXBuildFile; fileRef = 8D8405D52A2117790029433E /* GFRepoItemVC.swift */; };
		8D8405D82A2124AC0029433E /* GFFollowerItemVC.swift in Sources */ = {isa = PBXBuildFile; fileRef = 8D8405D72A2124AC0029433E /* GFFollowerItemVC.swift */; };
		8D8405DB2A268E730029433E /* Date+Ext.swift in Sources */ = {isa = PBXBuildFile; fileRef = 8D8405DA2A268E730029433E /* Date+Ext.swift */; };
		8D8405DD2A268F010029433E /* String+Ext.swift in Sources */ = {isa = PBXBuildFile; fileRef = 8D8405DC2A268F010029433E /* String+Ext.swift */; };
		8D9F947F29CCA98D00C6E609 /* GFTitleLabel.swift in Sources */ = {isa = PBXBuildFile; fileRef = 8D9F947E29CCA98D00C6E609 /* GFTitleLabel.swift */; };
		8D9F948129CCADB600C6E609 /* GFBodyLabel.swift in Sources */ = {isa = PBXBuildFile; fileRef = 8D9F948029CCADB600C6E609 /* GFBodyLabel.swift */; };
		8D9F948329CCAE6E00C6E609 /* GFAlertVC.swift in Sources */ = {isa = PBXBuildFile; fileRef = 8D9F948229CCAE6E00C6E609 /* GFAlertVC.swift */; };
		8D9F948529CCB55100C6E609 /* UIViewController+Ext.swift in Sources */ = {isa = PBXBuildFile; fileRef = 8D9F948429CCB55100C6E609 /* UIViewController+Ext.swift */; };
		8DA6068A29C21C9800007A64 /* AppDelegate.swift in Sources */ = {isa = PBXBuildFile; fileRef = 8DA6068929C21C9800007A64 /* AppDelegate.swift */; };
		8DA6068C29C21C9800007A64 /* SceneDelegate.swift in Sources */ = {isa = PBXBuildFile; fileRef = 8DA6068B29C21C9800007A64 /* SceneDelegate.swift */; };
		8DA6069329C21C9C00007A64 /* Assets.xcassets in Resources */ = {isa = PBXBuildFile; fileRef = 8DA6069229C21C9C00007A64 /* Assets.xcassets */; };
		8DA6069629C21C9C00007A64 /* LaunchScreen.storyboard in Resources */ = {isa = PBXBuildFile; fileRef = 8DA6069429C21C9C00007A64 /* LaunchScreen.storyboard */; };
		8DA606A129C21C9C00007A64 /* GHFollowersTests.swift in Sources */ = {isa = PBXBuildFile; fileRef = 8DA606A029C21C9C00007A64 /* GHFollowersTests.swift */; };
		8DA606AB29C21C9C00007A64 /* GHFollowersUITests.swift in Sources */ = {isa = PBXBuildFile; fileRef = 8DA606AA29C21C9C00007A64 /* GHFollowersUITests.swift */; };
		8DA606AD29C21C9C00007A64 /* GHFollowersUITestsLaunchTests.swift in Sources */ = {isa = PBXBuildFile; fileRef = 8DA606AC29C21C9C00007A64 /* GHFollowersUITestsLaunchTests.swift */; };
		8DA606BA29C2261600007A64 /* SearchVC.swift in Sources */ = {isa = PBXBuildFile; fileRef = 8DA606B929C2261600007A64 /* SearchVC.swift */; };
		8DA606BC29C2266500007A64 /* FavoritesListVC.swift in Sources */ = {isa = PBXBuildFile; fileRef = 8DA606BB29C2266500007A64 /* FavoritesListVC.swift */; };
		8DA606BE29C36CE800007A64 /* GFButton.swift in Sources */ = {isa = PBXBuildFile; fileRef = 8DA606BD29C36CE700007A64 /* GFButton.swift */; };
		8DA606C029C370AF00007A64 /* GFTextField.swift in Sources */ = {isa = PBXBuildFile; fileRef = 8DA606BF29C370AF00007A64 /* GFTextField.swift */; };
/* End PBXBuildFile section */

/* Begin PBXContainerItemProxy section */
		8DA6069D29C21C9C00007A64 /* PBXContainerItemProxy */ = {
			isa = PBXContainerItemProxy;
			containerPortal = 8DA6067E29C21C9800007A64 /* Project object */;
			proxyType = 1;
			remoteGlobalIDString = 8DA6068529C21C9800007A64;
			remoteInfo = GHFollowers;
		};
		8DA606A729C21C9C00007A64 /* PBXContainerItemProxy */ = {
			isa = PBXContainerItemProxy;
			containerPortal = 8DA6067E29C21C9800007A64 /* Project object */;
			proxyType = 1;
			remoteGlobalIDString = 8DA6068529C21C9800007A64;
			remoteInfo = GHFollowers;
		};
/* End PBXContainerItemProxy section */

/* Begin PBXFileReference section */
		8D4482E929C4B30500D3F13D /* FollowerListVC.swift */ = {isa = PBXFileReference; lastKnownFileType = sourcecode.swift; path = FollowerListVC.swift; sourceTree = "<group>"; };
		8D8405B029D24BD90029433E /* Follower.swift */ = {isa = PBXFileReference; lastKnownFileType = sourcecode.swift; path = Follower.swift; sourceTree = "<group>"; };
		8D8405B229D24BF20029433E /* User.swift */ = {isa = PBXFileReference; lastKnownFileType = sourcecode.swift; path = User.swift; sourceTree = "<group>"; };
		8D8405B529D263E80029433E /* NetworkManager.swift */ = {isa = PBXFileReference; lastKnownFileType = sourcecode.swift; path = NetworkManager.swift; sourceTree = "<group>"; };
		8D8405B829D384E70029433E /* GFError.swift */ = {isa = PBXFileReference; lastKnownFileType = sourcecode.swift; path = GFError.swift; sourceTree = "<group>"; };
		8D8405BB29D399E30029433E /* FollowerCell.swift */ = {isa = PBXFileReference; lastKnownFileType = sourcecode.swift; path = FollowerCell.swift; sourceTree = "<group>"; };
		8D8405BD29D39A9D0029433E /* GFAvatarImageView.swift */ = {isa = PBXFileReference; lastKnownFileType = sourcecode.swift; path = GFAvatarImageView.swift; sourceTree = "<group>"; };
		8D8405BF29D4F3CA0029433E /* UIHelper.swift */ = {isa = PBXFileReference; lastKnownFileType = sourcecode.swift; path = UIHelper.swift; sourceTree = "<group>"; };
		8D8405C729EEE6E30029433E /* GFEmptyStateView.swift */ = {isa = PBXFileReference; lastKnownFileType = sourcecode.swift; path = GFEmptyStateView.swift; sourceTree = "<group>"; };
		8D8405C929F066CC0029433E /* UserInfoVC.swift */ = {isa = PBXFileReference; lastKnownFileType = sourcecode.swift; path = UserInfoVC.swift; sourceTree = "<group>"; };
		8D8405CB2A1FF6F40029433E /* GFUserInfoHeaderVC.swift */ = {isa = PBXFileReference; lastKnownFileType = sourcecode.swift; path = GFUserInfoHeaderVC.swift; sourceTree = "<group>"; };
		8D8405CD2A1FF7680029433E /* GFSecondaryTitleLabel.swift */ = {isa = PBXFileReference; lastKnownFileType = sourcecode.swift; path = GFSecondaryTitleLabel.swift; sourceTree = "<group>"; };
		8D8405CF2A2000470029433E /* Constants.swift */ = {isa = PBXFileReference; lastKnownFileType = sourcecode.swift; path = Constants.swift; sourceTree = "<group>"; };
		8D8405D12A210BF70029433E /* GFItemInfoView.swift */ = {isa = PBXFileReference; lastKnownFileType = sourcecode.swift; path = GFItemInfoView.swift; sourceTree = "<group>"; };
		8D8405D32A21126E0029433E /* GFItemInfoVC.swift */ = {isa = PBXFileReference; lastKnownFileType = sourcecode.swift; path = GFItemInfoVC.swift; sourceTree = "<group>"; };
		8D8405D52A2117790029433E /* GFRepoItemVC.swift */ = {isa = PBXFileReference; lastKnownFileType = sourcecode.swift; path = GFRepoItemVC.swift; sourceTree = "<group>"; };
		8D8405D72A2124AC0029433E /* GFFollowerItemVC.swift */ = {isa = PBXFileReference; lastKnownFileType = sourcecode.swift; path = GFFollowerItemVC.swift; sourceTree = "<group>"; };
		8D8405DA2A268E730029433E /* Date+Ext.swift */ = {isa = PBXFileReference; lastKnownFileType = sourcecode.swift; path = "Date+Ext.swift"; sourceTree = "<group>"; };
		8D8405DC2A268F010029433E /* String+Ext.swift */ = {isa = PBXFileReference; lastKnownFileType = sourcecode.swift; path = "String+Ext.swift"; sourceTree = "<group>"; };
		8D9F947E29CCA98D00C6E609 /* GFTitleLabel.swift */ = {isa = PBXFileReference; lastKnownFileType = sourcecode.swift; path = GFTitleLabel.swift; sourceTree = "<group>"; };
		8D9F948029CCADB600C6E609 /* GFBodyLabel.swift */ = {isa = PBXFileReference; lastKnownFileType = sourcecode.swift; path = GFBodyLabel.swift; sourceTree = "<group>"; };
		8D9F948229CCAE6E00C6E609 /* GFAlertVC.swift */ = {isa = PBXFileReference; lastKnownFileType = sourcecode.swift; path = GFAlertVC.swift; sourceTree = "<group>"; };
		8D9F948429CCB55100C6E609 /* UIViewController+Ext.swift */ = {isa = PBXFileReference; lastKnownFileType = sourcecode.swift; path = "UIViewController+Ext.swift"; sourceTree = "<group>"; };
		8DA6068629C21C9800007A64 /* GHFollowers.app */ = {isa = PBXFileReference; explicitFileType = wrapper.application; includeInIndex = 0; path = GHFollowers.app; sourceTree = BUILT_PRODUCTS_DIR; };
		8DA6068929C21C9800007A64 /* AppDelegate.swift */ = {isa = PBXFileReference; lastKnownFileType = sourcecode.swift; path = AppDelegate.swift; sourceTree = "<group>"; };
		8DA6068B29C21C9800007A64 /* SceneDelegate.swift */ = {isa = PBXFileReference; lastKnownFileType = sourcecode.swift; path = SceneDelegate.swift; sourceTree = "<group>"; };
		8DA6069229C21C9C00007A64 /* Assets.xcassets */ = {isa = PBXFileReference; lastKnownFileType = folder.assetcatalog; path = Assets.xcassets; sourceTree = "<group>"; };
		8DA6069529C21C9C00007A64 /* Base */ = {isa = PBXFileReference; lastKnownFileType = file.storyboard; name = Base; path = Base.lproj/LaunchScreen.storyboard; sourceTree = "<group>"; };
		8DA6069729C21C9C00007A64 /* Info.plist */ = {isa = PBXFileReference; lastKnownFileType = text.plist.xml; path = Info.plist; sourceTree = "<group>"; };
		8DA6069C29C21C9C00007A64 /* GHFollowersTests.xctest */ = {isa = PBXFileReference; explicitFileType = wrapper.cfbundle; includeInIndex = 0; path = GHFollowersTests.xctest; sourceTree = BUILT_PRODUCTS_DIR; };
		8DA606A029C21C9C00007A64 /* GHFollowersTests.swift */ = {isa = PBXFileReference; lastKnownFileType = sourcecode.swift; path = GHFollowersTests.swift; sourceTree = "<group>"; };
		8DA606A629C21C9C00007A64 /* GHFollowersUITests.xctest */ = {isa = PBXFileReference; explicitFileType = wrapper.cfbundle; includeInIndex = 0; path = GHFollowersUITests.xctest; sourceTree = BUILT_PRODUCTS_DIR; };
		8DA606AA29C21C9C00007A64 /* GHFollowersUITests.swift */ = {isa = PBXFileReference; lastKnownFileType = sourcecode.swift; path = GHFollowersUITests.swift; sourceTree = "<group>"; };
		8DA606AC29C21C9C00007A64 /* GHFollowersUITestsLaunchTests.swift */ = {isa = PBXFileReference; lastKnownFileType = sourcecode.swift; path = GHFollowersUITestsLaunchTests.swift; sourceTree = "<group>"; };
		8DA606B929C2261600007A64 /* SearchVC.swift */ = {isa = PBXFileReference; lastKnownFileType = sourcecode.swift; path = SearchVC.swift; sourceTree = "<group>"; };
		8DA606BB29C2266500007A64 /* FavoritesListVC.swift */ = {isa = PBXFileReference; lastKnownFileType = sourcecode.swift; path = FavoritesListVC.swift; sourceTree = "<group>"; };
		8DA606BD29C36CE700007A64 /* GFButton.swift */ = {isa = PBXFileReference; lastKnownFileType = sourcecode.swift; path = GFButton.swift; sourceTree = "<group>"; };
		8DA606BF29C370AF00007A64 /* GFTextField.swift */ = {isa = PBXFileReference; lastKnownFileType = sourcecode.swift; path = GFTextField.swift; sourceTree = "<group>"; };
/* End PBXFileReference section */

/* Begin PBXFrameworksBuildPhase section */
		8DA6068329C21C9800007A64 /* Frameworks */ = {
			isa = PBXFrameworksBuildPhase;
			buildActionMask = 2147483647;
			files = (
			);
			runOnlyForDeploymentPostprocessing = 0;
		};
		8DA6069929C21C9C00007A64 /* Frameworks */ = {
			isa = PBXFrameworksBuildPhase;
			buildActionMask = 2147483647;
			files = (
			);
			runOnlyForDeploymentPostprocessing = 0;
		};
		8DA606A329C21C9C00007A64 /* Frameworks */ = {
			isa = PBXFrameworksBuildPhase;
			buildActionMask = 2147483647;
			files = (
			);
			runOnlyForDeploymentPostprocessing = 0;
		};
/* End PBXFrameworksBuildPhase section */

/* Begin PBXGroup section */
		8D8405AB29D24AFB0029433E /* Support */ = {
			isa = PBXGroup;
			children = (
				8DA6069229C21C9C00007A64 /* Assets.xcassets */,
				8DA6069429C21C9C00007A64 /* LaunchScreen.storyboard */,
				8DA6068B29C21C9800007A64 /* SceneDelegate.swift */,
				8DA6068929C21C9800007A64 /* AppDelegate.swift */,
			);
			path = Support;
			sourceTree = "<group>";
		};
		8D8405AC29D24B120029433E /* Screens */ = {
			isa = PBXGroup;
			children = (
				8DA606B929C2261600007A64 /* SearchVC.swift */,
				8D4482E929C4B30500D3F13D /* FollowerListVC.swift */,
				8DA606BB29C2266500007A64 /* FavoritesListVC.swift */,
				8D8405C929F066CC0029433E /* UserInfoVC.swift */,
			);
			path = Screens;
			sourceTree = "<group>";
		};
		8D8405AD29D24B210029433E /* Custom Views */ = {
			isa = PBXGroup;
			children = (
				8D8405C629EEE6640029433E /* Labels */,
				8D8405C529EEE6450029433E /* ViewControllers */,
				8D8405C429EEE6390029433E /* ImageViews */,
				8D8405C329EEE6300029433E /* TextFields */,
				8D8405C229EEE6260029433E /* Buttons */,
				8D8405C129EEE61D0029433E /* Views */,
				8D8405BA29D399A70029433E /* Cells */,
			);
			path = "Custom Views";
			sourceTree = "<group>";
		};
		8D8405AE29D24B3F0029433E /* Extensions */ = {
			isa = PBXGroup;
			children = (
				8D9F948429CCB55100C6E609 /* UIViewController+Ext.swift */,
				8D8405DA2A268E730029433E /* Date+Ext.swift */,
				8D8405DC2A268F010029433E /* String+Ext.swift */,
			);
			path = Extensions;
			sourceTree = "<group>";
		};
		8D8405AF29D24BC10029433E /* Model */ = {
			isa = PBXGroup;
			children = (
				8D8405B029D24BD90029433E /* Follower.swift */,
				8D8405B229D24BF20029433E /* User.swift */,
			);
			path = Model;
			sourceTree = "<group>";
		};
		8D8405B429D263D80029433E /* Managers */ = {
			isa = PBXGroup;
			children = (
				8D8405B529D263E80029433E /* NetworkManager.swift */,
			);
			path = Managers;
			sourceTree = "<group>";
		};
		8D8405B729D384D10029433E /* Utilities */ = {
			isa = PBXGroup;
			children = (
				8D8405B829D384E70029433E /* GFError.swift */,
				8D8405BF29D4F3CA0029433E /* UIHelper.swift */,
				8D8405CF2A2000470029433E /* Constants.swift */,
			);
			path = Utilities;
			sourceTree = "<group>";
		};
		8D8405BA29D399A70029433E /* Cells */ = {
			isa = PBXGroup;
			children = (
				8D8405BB29D399E30029433E /* FollowerCell.swift */,
			);
			path = Cells;
			sourceTree = "<group>";
		};
		8D8405C129EEE61D0029433E /* Views */ = {
			isa = PBXGroup;
			children = (
				8D8405C729EEE6E30029433E /* GFEmptyStateView.swift */,
				8D8405D12A210BF70029433E /* GFItemInfoView.swift */,
			);
			path = Views;
			sourceTree = "<group>";
		};
		8D8405C229EEE6260029433E /* Buttons */ = {
			isa = PBXGroup;
			children = (
				8DA606BD29C36CE700007A64 /* GFButton.swift */,
			);
			path = Buttons;
			sourceTree = "<group>";
		};
		8D8405C329EEE6300029433E /* TextFields */ = {
			isa = PBXGroup;
			children = (
				8DA606BF29C370AF00007A64 /* GFTextField.swift */,
			);
			path = TextFields;
			sourceTree = "<group>";
		};
		8D8405C429EEE6390029433E /* ImageViews */ = {
			isa = PBXGroup;
			children = (
				8D8405BD29D39A9D0029433E /* GFAvatarImageView.swift */,
			);
			path = ImageViews;
			sourceTree = "<group>";
		};
		8D8405C529EEE6450029433E /* ViewControllers */ = {
			isa = PBXGroup;
			children = (
				8D8405D92A21250C0029433E /* ItemInfoVCs */,
				8D9F948229CCAE6E00C6E609 /* GFAlertVC.swift */,
				8D8405CB2A1FF6F40029433E /* GFUserInfoHeaderVC.swift */,
			);
			path = ViewControllers;
			sourceTree = "<group>";
		};
		8D8405C629EEE6640029433E /* Labels */ = {
			isa = PBXGroup;
			children = (
				8D9F948029CCADB600C6E609 /* GFBodyLabel.swift */,
				8D9F947E29CCA98D00C6E609 /* GFTitleLabel.swift */,
				8D8405CD2A1FF7680029433E /* GFSecondaryTitleLabel.swift */,
			);
			path = Labels;
			sourceTree = "<group>";
		};
		8D8405D92A21250C0029433E /* ItemInfoVCs */ = {
			isa = PBXGroup;
			children = (
				8D8405D32A21126E0029433E /* GFItemInfoVC.swift */,
				8D8405D52A2117790029433E /* GFRepoItemVC.swift */,
				8D8405D72A2124AC0029433E /* GFFollowerItemVC.swift */,
			);
			path = ItemInfoVCs;
			sourceTree = "<group>";
		};
		8DA6067D29C21C9800007A64 = {
			isa = PBXGroup;
			children = (
				8DA6068829C21C9800007A64 /* GHFollowers */,
				8DA6069F29C21C9C00007A64 /* GHFollowersTests */,
				8DA606A929C21C9C00007A64 /* GHFollowersUITests */,
				8DA6068729C21C9800007A64 /* Products */,
			);
			sourceTree = "<group>";
		};
		8DA6068729C21C9800007A64 /* Products */ = {
			isa = PBXGroup;
			children = (
				8DA6068629C21C9800007A64 /* GHFollowers.app */,
				8DA6069C29C21C9C00007A64 /* GHFollowersTests.xctest */,
				8DA606A629C21C9C00007A64 /* GHFollowersUITests.xctest */,
			);
			name = Products;
			sourceTree = "<group>";
		};
		8DA6068829C21C9800007A64 /* GHFollowers */ = {
			isa = PBXGroup;
			children = (
				8D8405B729D384D10029433E /* Utilities */,
				8D8405B429D263D80029433E /* Managers */,
				8D8405AF29D24BC10029433E /* Model */,
				8D8405AE29D24B3F0029433E /* Extensions */,
				8D8405AD29D24B210029433E /* Custom Views */,
				8D8405AC29D24B120029433E /* Screens */,
				8D8405AB29D24AFB0029433E /* Support */,
				8DA6069729C21C9C00007A64 /* Info.plist */,
			);
			path = GHFollowers;
			sourceTree = "<group>";
		};
		8DA6069F29C21C9C00007A64 /* GHFollowersTests */ = {
			isa = PBXGroup;
			children = (
				8DA606A029C21C9C00007A64 /* GHFollowersTests.swift */,
			);
			path = GHFollowersTests;
			sourceTree = "<group>";
		};
		8DA606A929C21C9C00007A64 /* GHFollowersUITests */ = {
			isa = PBXGroup;
			children = (
				8DA606AA29C21C9C00007A64 /* GHFollowersUITests.swift */,
				8DA606AC29C21C9C00007A64 /* GHFollowersUITestsLaunchTests.swift */,
			);
			path = GHFollowersUITests;
			sourceTree = "<group>";
		};
/* End PBXGroup section */

/* Begin PBXNativeTarget section */
		8DA6068529C21C9800007A64 /* GHFollowers */ = {
			isa = PBXNativeTarget;
			buildConfigurationList = 8DA606B029C21C9C00007A64 /* Build configuration list for PBXNativeTarget "GHFollowers" */;
			buildPhases = (
				8DA6068229C21C9800007A64 /* Sources */,
				8DA6068329C21C9800007A64 /* Frameworks */,
				8DA6068429C21C9800007A64 /* Resources */,
			);
			buildRules = (
			);
			dependencies = (
			);
			name = GHFollowers;
			productName = GHFollowers;
			productReference = 8DA6068629C21C9800007A64 /* GHFollowers.app */;
			productType = "com.apple.product-type.application";
		};
		8DA6069B29C21C9C00007A64 /* GHFollowersTests */ = {
			isa = PBXNativeTarget;
			buildConfigurationList = 8DA606B329C21C9C00007A64 /* Build configuration list for PBXNativeTarget "GHFollowersTests" */;
			buildPhases = (
				8DA6069829C21C9C00007A64 /* Sources */,
				8DA6069929C21C9C00007A64 /* Frameworks */,
				8DA6069A29C21C9C00007A64 /* Resources */,
			);
			buildRules = (
			);
			dependencies = (
				8DA6069E29C21C9C00007A64 /* PBXTargetDependency */,
			);
			name = GHFollowersTests;
			productName = GHFollowersTests;
			productReference = 8DA6069C29C21C9C00007A64 /* GHFollowersTests.xctest */;
			productType = "com.apple.product-type.bundle.unit-test";
		};
		8DA606A529C21C9C00007A64 /* GHFollowersUITests */ = {
			isa = PBXNativeTarget;
			buildConfigurationList = 8DA606B629C21C9C00007A64 /* Build configuration list for PBXNativeTarget "GHFollowersUITests" */;
			buildPhases = (
				8DA606A229C21C9C00007A64 /* Sources */,
				8DA606A329C21C9C00007A64 /* Frameworks */,
				8DA606A429C21C9C00007A64 /* Resources */,
			);
			buildRules = (
			);
			dependencies = (
				8DA606A829C21C9C00007A64 /* PBXTargetDependency */,
			);
			name = GHFollowersUITests;
			productName = GHFollowersUITests;
			productReference = 8DA606A629C21C9C00007A64 /* GHFollowersUITests.xctest */;
			productType = "com.apple.product-type.bundle.ui-testing";
		};
/* End PBXNativeTarget section */

/* Begin PBXProject section */
		8DA6067E29C21C9800007A64 /* Project object */ = {
			isa = PBXProject;
			attributes = {
				BuildIndependentTargetsInParallel = 1;
				LastSwiftUpdateCheck = 1420;
				LastUpgradeCheck = 1420;
				TargetAttributes = {
					8DA6068529C21C9800007A64 = {
						CreatedOnToolsVersion = 14.2;
					};
					8DA6069B29C21C9C00007A64 = {
						CreatedOnToolsVersion = 14.2;
						TestTargetID = 8DA6068529C21C9800007A64;
					};
					8DA606A529C21C9C00007A64 = {
						CreatedOnToolsVersion = 14.2;
						TestTargetID = 8DA6068529C21C9800007A64;
					};
				};
			};
			buildConfigurationList = 8DA6068129C21C9800007A64 /* Build configuration list for PBXProject "GHFollowers" */;
			compatibilityVersion = "Xcode 14.0";
			developmentRegion = en;
			hasScannedForEncodings = 0;
			knownRegions = (
				en,
				Base,
			);
			mainGroup = 8DA6067D29C21C9800007A64;
			productRefGroup = 8DA6068729C21C9800007A64 /* Products */;
			projectDirPath = "";
			projectRoot = "";
			targets = (
				8DA6068529C21C9800007A64 /* GHFollowers */,
				8DA6069B29C21C9C00007A64 /* GHFollowersTests */,
				8DA606A529C21C9C00007A64 /* GHFollowersUITests */,
			);
		};
/* End PBXProject section */

/* Begin PBXResourcesBuildPhase section */
		8DA6068429C21C9800007A64 /* Resources */ = {
			isa = PBXResourcesBuildPhase;
			buildActionMask = 2147483647;
			files = (
				8DA6069629C21C9C00007A64 /* LaunchScreen.storyboard in Resources */,
				8DA6069329C21C9C00007A64 /* Assets.xcassets in Resources */,
			);
			runOnlyForDeploymentPostprocessing = 0;
		};
		8DA6069A29C21C9C00007A64 /* Resources */ = {
			isa = PBXResourcesBuildPhase;
			buildActionMask = 2147483647;
			files = (
			);
			runOnlyForDeploymentPostprocessing = 0;
		};
		8DA606A429C21C9C00007A64 /* Resources */ = {
			isa = PBXResourcesBuildPhase;
			buildActionMask = 2147483647;
			files = (
			);
			runOnlyForDeploymentPostprocessing = 0;
		};
/* End PBXResourcesBuildPhase section */

/* Begin PBXSourcesBuildPhase section */
		8DA6068229C21C9800007A64 /* Sources */ = {
			isa = PBXSourcesBuildPhase;
			buildActionMask = 2147483647;
			files = (
				8D8405B329D24BF20029433E /* User.swift in Sources */,
				8DA606BA29C2261600007A64 /* SearchVC.swift in Sources */,
				8D9F948529CCB55100C6E609 /* UIViewController+Ext.swift in Sources */,
				8D8405DD2A268F010029433E /* String+Ext.swift in Sources */,
				8DA606BE29C36CE800007A64 /* GFButton.swift in Sources */,
				8D4482EA29C4B30500D3F13D /* FollowerListVC.swift in Sources */,
				8D8405C029D4F3CA0029433E /* UIHelper.swift in Sources */,
				8D8405D42A21126E0029433E /* GFItemInfoVC.swift in Sources */,
				8D8405D02A2000470029433E /* Constants.swift in Sources */,
				8D8405BE29D39A9D0029433E /* GFAvatarImageView.swift in Sources */,
				8DA606BC29C2266500007A64 /* FavoritesListVC.swift in Sources */,
				8D9F948329CCAE6E00C6E609 /* GFAlertVC.swift in Sources */,
				8D8405D82A2124AC0029433E /* GFFollowerItemVC.swift in Sources */,
				8D8405D22A210BF70029433E /* GFItemInfoView.swift in Sources */,
				8D8405BC29D399E30029433E /* FollowerCell.swift in Sources */,
				8D8405B929D384E70029433E /* GFError.swift in Sources */,
				8D8405CC2A1FF6F40029433E /* GFUserInfoHeaderVC.swift in Sources */,
				8DA6068A29C21C9800007A64 /* AppDelegate.swift in Sources */,
				8D8405B129D24BD90029433E /* Follower.swift in Sources */,
				8D8405B629D263E80029433E /* NetworkManager.swift in Sources */,
				8D8405DB2A268E730029433E /* Date+Ext.swift in Sources */,
				8D8405CE2A1FF7680029433E /* GFSecondaryTitleLabel.swift in Sources */,
				8D8405C829EEE6E30029433E /* GFEmptyStateView.swift in Sources */,
				8D9F947F29CCA98D00C6E609 /* GFTitleLabel.swift in Sources */,
				8DA6068C29C21C9800007A64 /* SceneDelegate.swift in Sources */,
				8DA606C029C370AF00007A64 /* GFTextField.swift in Sources */,
				8D9F948129CCADB600C6E609 /* GFBodyLabel.swift in Sources */,
				8D8405D62A2117790029433E /* GFRepoItemVC.swift in Sources */,
				8D8405CA29F066CD0029433E /* UserInfoVC.swift in Sources */,
			);
			runOnlyForDeploymentPostprocessing = 0;
		};
		8DA6069829C21C9C00007A64 /* Sources */ = {
			isa = PBXSourcesBuildPhase;
			buildActionMask = 2147483647;
			files = (
				8DA606A129C21C9C00007A64 /* GHFollowersTests.swift in Sources */,
			);
			runOnlyForDeploymentPostprocessing = 0;
		};
		8DA606A229C21C9C00007A64 /* Sources */ = {
			isa = PBXSourcesBuildPhase;
			buildActionMask = 2147483647;
			files = (
				8DA606AB29C21C9C00007A64 /* GHFollowersUITests.swift in Sources */,
				8DA606AD29C21C9C00007A64 /* GHFollowersUITestsLaunchTests.swift in Sources */,
			);
			runOnlyForDeploymentPostprocessing = 0;
		};
/* End PBXSourcesBuildPhase section */

/* Begin PBXTargetDependency section */
		8DA6069E29C21C9C00007A64 /* PBXTargetDependency */ = {
			isa = PBXTargetDependency;
			target = 8DA6068529C21C9800007A64 /* GHFollowers */;
			targetProxy = 8DA6069D29C21C9C00007A64 /* PBXContainerItemProxy */;
		};
		8DA606A829C21C9C00007A64 /* PBXTargetDependency */ = {
			isa = PBXTargetDependency;
			target = 8DA6068529C21C9800007A64 /* GHFollowers */;
			targetProxy = 8DA606A729C21C9C00007A64 /* PBXContainerItemProxy */;
		};
/* End PBXTargetDependency section */

/* Begin PBXVariantGroup section */
		8DA6069429C21C9C00007A64 /* LaunchScreen.storyboard */ = {
			isa = PBXVariantGroup;
			children = (
				8DA6069529C21C9C00007A64 /* Base */,
			);
			name = LaunchScreen.storyboard;
			sourceTree = "<group>";
		};
/* End PBXVariantGroup section */

/* Begin XCBuildConfiguration section */
		8DA606AE29C21C9C00007A64 /* Debug */ = {
			isa = XCBuildConfiguration;
			buildSettings = {
				ALWAYS_SEARCH_USER_PATHS = NO;
				CLANG_ANALYZER_NONNULL = YES;
				CLANG_ANALYZER_NUMBER_OBJECT_CONVERSION = YES_AGGRESSIVE;
				CLANG_CXX_LANGUAGE_STANDARD = "gnu++20";
				CLANG_ENABLE_MODULES = YES;
				CLANG_ENABLE_OBJC_ARC = YES;
				CLANG_ENABLE_OBJC_WEAK = YES;
				CLANG_WARN_BLOCK_CAPTURE_AUTORELEASING = YES;
				CLANG_WARN_BOOL_CONVERSION = YES;
				CLANG_WARN_COMMA = YES;
				CLANG_WARN_CONSTANT_CONVERSION = YES;
				CLANG_WARN_DEPRECATED_OBJC_IMPLEMENTATIONS = YES;
				CLANG_WARN_DIRECT_OBJC_ISA_USAGE = YES_ERROR;
				CLANG_WARN_DOCUMENTATION_COMMENTS = YES;
				CLANG_WARN_EMPTY_BODY = YES;
				CLANG_WARN_ENUM_CONVERSION = YES;
				CLANG_WARN_INFINITE_RECURSION = YES;
				CLANG_WARN_INT_CONVERSION = YES;
				CLANG_WARN_NON_LITERAL_NULL_CONVERSION = YES;
				CLANG_WARN_OBJC_IMPLICIT_RETAIN_SELF = YES;
				CLANG_WARN_OBJC_LITERAL_CONVERSION = YES;
				CLANG_WARN_OBJC_ROOT_CLASS = YES_ERROR;
				CLANG_WARN_QUOTED_INCLUDE_IN_FRAMEWORK_HEADER = YES;
				CLANG_WARN_RANGE_LOOP_ANALYSIS = YES;
				CLANG_WARN_STRICT_PROTOTYPES = YES;
				CLANG_WARN_SUSPICIOUS_MOVE = YES;
				CLANG_WARN_UNGUARDED_AVAILABILITY = YES_AGGRESSIVE;
				CLANG_WARN_UNREACHABLE_CODE = YES;
				CLANG_WARN__DUPLICATE_METHOD_MATCH = YES;
				COPY_PHASE_STRIP = NO;
				DEBUG_INFORMATION_FORMAT = dwarf;
				ENABLE_STRICT_OBJC_MSGSEND = YES;
				ENABLE_TESTABILITY = YES;
				GCC_C_LANGUAGE_STANDARD = gnu11;
				GCC_DYNAMIC_NO_PIC = NO;
				GCC_NO_COMMON_BLOCKS = YES;
				GCC_OPTIMIZATION_LEVEL = 0;
				GCC_PREPROCESSOR_DEFINITIONS = (
					"DEBUG=1",
					"$(inherited)",
				);
				GCC_WARN_64_TO_32_BIT_CONVERSION = YES;
				GCC_WARN_ABOUT_RETURN_TYPE = YES_ERROR;
				GCC_WARN_UNDECLARED_SELECTOR = YES;
				GCC_WARN_UNINITIALIZED_AUTOS = YES_AGGRESSIVE;
				GCC_WARN_UNUSED_FUNCTION = YES;
				GCC_WARN_UNUSED_VARIABLE = YES;
				IPHONEOS_DEPLOYMENT_TARGET = 16.2;
				MTL_ENABLE_DEBUG_INFO = INCLUDE_SOURCE;
				MTL_FAST_MATH = YES;
				ONLY_ACTIVE_ARCH = YES;
				SDKROOT = iphoneos;
				SWIFT_ACTIVE_COMPILATION_CONDITIONS = DEBUG;
				SWIFT_OPTIMIZATION_LEVEL = "-Onone";
			};
			name = Debug;
		};
		8DA606AF29C21C9C00007A64 /* Release */ = {
			isa = XCBuildConfiguration;
			buildSettings = {
				ALWAYS_SEARCH_USER_PATHS = NO;
				CLANG_ANALYZER_NONNULL = YES;
				CLANG_ANALYZER_NUMBER_OBJECT_CONVERSION = YES_AGGRESSIVE;
				CLANG_CXX_LANGUAGE_STANDARD = "gnu++20";
				CLANG_ENABLE_MODULES = YES;
				CLANG_ENABLE_OBJC_ARC = YES;
				CLANG_ENABLE_OBJC_WEAK = YES;
				CLANG_WARN_BLOCK_CAPTURE_AUTORELEASING = YES;
				CLANG_WARN_BOOL_CONVERSION = YES;
				CLANG_WARN_COMMA = YES;
				CLANG_WARN_CONSTANT_CONVERSION = YES;
				CLANG_WARN_DEPRECATED_OBJC_IMPLEMENTATIONS = YES;
				CLANG_WARN_DIRECT_OBJC_ISA_USAGE = YES_ERROR;
				CLANG_WARN_DOCUMENTATION_COMMENTS = YES;
				CLANG_WARN_EMPTY_BODY = YES;
				CLANG_WARN_ENUM_CONVERSION = YES;
				CLANG_WARN_INFINITE_RECURSION = YES;
				CLANG_WARN_INT_CONVERSION = YES;
				CLANG_WARN_NON_LITERAL_NULL_CONVERSION = YES;
				CLANG_WARN_OBJC_IMPLICIT_RETAIN_SELF = YES;
				CLANG_WARN_OBJC_LITERAL_CONVERSION = YES;
				CLANG_WARN_OBJC_ROOT_CLASS = YES_ERROR;
				CLANG_WARN_QUOTED_INCLUDE_IN_FRAMEWORK_HEADER = YES;
				CLANG_WARN_RANGE_LOOP_ANALYSIS = YES;
				CLANG_WARN_STRICT_PROTOTYPES = YES;
				CLANG_WARN_SUSPICIOUS_MOVE = YES;
				CLANG_WARN_UNGUARDED_AVAILABILITY = YES_AGGRESSIVE;
				CLANG_WARN_UNREACHABLE_CODE = YES;
				CLANG_WARN__DUPLICATE_METHOD_MATCH = YES;
				COPY_PHASE_STRIP = NO;
				DEBUG_INFORMATION_FORMAT = "dwarf-with-dsym";
				ENABLE_NS_ASSERTIONS = NO;
				ENABLE_STRICT_OBJC_MSGSEND = YES;
				GCC_C_LANGUAGE_STANDARD = gnu11;
				GCC_NO_COMMON_BLOCKS = YES;
				GCC_WARN_64_TO_32_BIT_CONVERSION = YES;
				GCC_WARN_ABOUT_RETURN_TYPE = YES_ERROR;
				GCC_WARN_UNDECLARED_SELECTOR = YES;
				GCC_WARN_UNINITIALIZED_AUTOS = YES_AGGRESSIVE;
				GCC_WARN_UNUSED_FUNCTION = YES;
				GCC_WARN_UNUSED_VARIABLE = YES;
				IPHONEOS_DEPLOYMENT_TARGET = 16.2;
				MTL_ENABLE_DEBUG_INFO = NO;
				MTL_FAST_MATH = YES;
				SDKROOT = iphoneos;
				SWIFT_COMPILATION_MODE = wholemodule;
				SWIFT_OPTIMIZATION_LEVEL = "-O";
				VALIDATE_PRODUCT = YES;
			};
			name = Release;
		};
		8DA606B129C21C9C00007A64 /* Debug */ = {
			isa = XCBuildConfiguration;
			buildSettings = {
				ASSETCATALOG_COMPILER_APPICON_NAME = AppIcon;
				ASSETCATALOG_COMPILER_GLOBAL_ACCENT_COLOR_NAME = AccentColor;
				CODE_SIGN_STYLE = Automatic;
				CURRENT_PROJECT_VERSION = 1;
				DEVELOPMENT_TEAM = UAGG6Y83F8;
				GENERATE_INFOPLIST_FILE = YES;
				INFOPLIST_FILE = GHFollowers/Info.plist;
				INFOPLIST_KEY_UIApplicationSupportsIndirectInputEvents = YES;
				INFOPLIST_KEY_UILaunchStoryboardName = LaunchScreen;
				INFOPLIST_KEY_UIMainStoryboardFile = "";
				INFOPLIST_KEY_UISupportedInterfaceOrientations = UIInterfaceOrientationPortrait;
				INFOPLIST_KEY_UISupportedInterfaceOrientations_iPad = UIInterfaceOrientationLandscapeRight;
				LD_RUNPATH_SEARCH_PATHS = (
					"$(inherited)",
					"@executable_path/Frameworks",
				);
				MARKETING_VERSION = 1.0;
				PRODUCT_BUNDLE_IDENTIFIER = com.student.GHFollowers;
				PRODUCT_NAME = "$(TARGET_NAME)";
				SWIFT_EMIT_LOC_STRINGS = YES;
				SWIFT_VERSION = 5.0;
				TARGETED_DEVICE_FAMILY = "1,2";
			};
			name = Debug;
		};
		8DA606B229C21C9C00007A64 /* Release */ = {
			isa = XCBuildConfiguration;
			buildSettings = {
				ASSETCATALOG_COMPILER_APPICON_NAME = AppIcon;
				ASSETCATALOG_COMPILER_GLOBAL_ACCENT_COLOR_NAME = AccentColor;
				CODE_SIGN_STYLE = Automatic;
				CURRENT_PROJECT_VERSION = 1;
				DEVELOPMENT_TEAM = UAGG6Y83F8;
				GENERATE_INFOPLIST_FILE = YES;
				INFOPLIST_FILE = GHFollowers/Info.plist;
				INFOPLIST_KEY_UIApplicationSupportsIndirectInputEvents = YES;
				INFOPLIST_KEY_UILaunchStoryboardName = LaunchScreen;
				INFOPLIST_KEY_UIMainStoryboardFile = "";
				INFOPLIST_KEY_UISupportedInterfaceOrientations = UIInterfaceOrientationPortrait;
				INFOPLIST_KEY_UISupportedInterfaceOrientations_iPad = UIInterfaceOrientationLandscapeRight;
				LD_RUNPATH_SEARCH_PATHS = (
					"$(inherited)",
					"@executable_path/Frameworks",
				);
				MARKETING_VERSION = 1.0;
				PRODUCT_BUNDLE_IDENTIFIER = com.student.GHFollowers;
				PRODUCT_NAME = "$(TARGET_NAME)";
				SWIFT_EMIT_LOC_STRINGS = YES;
				SWIFT_VERSION = 5.0;
				TARGETED_DEVICE_FAMILY = "1,2";
			};
			name = Release;
		};
		8DA606B429C21C9C00007A64 /* Debug */ = {
			isa = XCBuildConfiguration;
			buildSettings = {
				ALWAYS_EMBED_SWIFT_STANDARD_LIBRARIES = YES;
				BUNDLE_LOADER = "$(TEST_HOST)";
				CODE_SIGN_STYLE = Automatic;
				CURRENT_PROJECT_VERSION = 1;
				DEVELOPMENT_TEAM = UAGG6Y83F8;
				GENERATE_INFOPLIST_FILE = YES;
				IPHONEOS_DEPLOYMENT_TARGET = 16.2;
				MARKETING_VERSION = 1.0;
				PRODUCT_BUNDLE_IDENTIFIER = com.student.GHFollowersTests;
				PRODUCT_NAME = "$(TARGET_NAME)";
				SWIFT_EMIT_LOC_STRINGS = NO;
				SWIFT_VERSION = 5.0;
				TARGETED_DEVICE_FAMILY = "1,2";
				TEST_HOST = "$(BUILT_PRODUCTS_DIR)/GHFollowers.app/$(BUNDLE_EXECUTABLE_FOLDER_PATH)/GHFollowers";
			};
			name = Debug;
		};
		8DA606B529C21C9C00007A64 /* Release */ = {
			isa = XCBuildConfiguration;
			buildSettings = {
				ALWAYS_EMBED_SWIFT_STANDARD_LIBRARIES = YES;
				BUNDLE_LOADER = "$(TEST_HOST)";
				CODE_SIGN_STYLE = Automatic;
				CURRENT_PROJECT_VERSION = 1;
				DEVELOPMENT_TEAM = UAGG6Y83F8;
				GENERATE_INFOPLIST_FILE = YES;
				IPHONEOS_DEPLOYMENT_TARGET = 16.2;
				MARKETING_VERSION = 1.0;
				PRODUCT_BUNDLE_IDENTIFIER = com.student.GHFollowersTests;
				PRODUCT_NAME = "$(TARGET_NAME)";
				SWIFT_EMIT_LOC_STRINGS = NO;
				SWIFT_VERSION = 5.0;
				TARGETED_DEVICE_FAMILY = "1,2";
				TEST_HOST = "$(BUILT_PRODUCTS_DIR)/GHFollowers.app/$(BUNDLE_EXECUTABLE_FOLDER_PATH)/GHFollowers";
			};
			name = Release;
		};
		8DA606B729C21C9C00007A64 /* Debug */ = {
			isa = XCBuildConfiguration;
			buildSettings = {
				ALWAYS_EMBED_SWIFT_STANDARD_LIBRARIES = YES;
				CODE_SIGN_STYLE = Automatic;
				CURRENT_PROJECT_VERSION = 1;
				DEVELOPMENT_TEAM = UAGG6Y83F8;
				GENERATE_INFOPLIST_FILE = YES;
				MARKETING_VERSION = 1.0;
				PRODUCT_BUNDLE_IDENTIFIER = com.student.GHFollowersUITests;
				PRODUCT_NAME = "$(TARGET_NAME)";
				SWIFT_EMIT_LOC_STRINGS = NO;
				SWIFT_VERSION = 5.0;
				TARGETED_DEVICE_FAMILY = "1,2";
				TEST_TARGET_NAME = GHFollowers;
			};
			name = Debug;
		};
		8DA606B829C21C9C00007A64 /* Release */ = {
			isa = XCBuildConfiguration;
			buildSettings = {
				ALWAYS_EMBED_SWIFT_STANDARD_LIBRARIES = YES;
				CODE_SIGN_STYLE = Automatic;
				CURRENT_PROJECT_VERSION = 1;
				DEVELOPMENT_TEAM = UAGG6Y83F8;
				GENERATE_INFOPLIST_FILE = YES;
				MARKETING_VERSION = 1.0;
				PRODUCT_BUNDLE_IDENTIFIER = com.student.GHFollowersUITests;
				PRODUCT_NAME = "$(TARGET_NAME)";
				SWIFT_EMIT_LOC_STRINGS = NO;
				SWIFT_VERSION = 5.0;
				TARGETED_DEVICE_FAMILY = "1,2";
				TEST_TARGET_NAME = GHFollowers;
			};
			name = Release;
		};
/* End XCBuildConfiguration section */

/* Begin XCConfigurationList section */
		8DA6068129C21C9800007A64 /* Build configuration list for PBXProject "GHFollowers" */ = {
			isa = XCConfigurationList;
			buildConfigurations = (
				8DA606AE29C21C9C00007A64 /* Debug */,
				8DA606AF29C21C9C00007A64 /* Release */,
			);
			defaultConfigurationIsVisible = 0;
			defaultConfigurationName = Release;
		};
		8DA606B029C21C9C00007A64 /* Build configuration list for PBXNativeTarget "GHFollowers" */ = {
			isa = XCConfigurationList;
			buildConfigurations = (
				8DA606B129C21C9C00007A64 /* Debug */,
				8DA606B229C21C9C00007A64 /* Release */,
			);
			defaultConfigurationIsVisible = 0;
			defaultConfigurationName = Release;
		};
		8DA606B329C21C9C00007A64 /* Build configuration list for PBXNativeTarget "GHFollowersTests" */ = {
			isa = XCConfigurationList;
			buildConfigurations = (
				8DA606B429C21C9C00007A64 /* Debug */,
				8DA606B529C21C9C00007A64 /* Release */,
			);
			defaultConfigurationIsVisible = 0;
			defaultConfigurationName = Release;
		};
		8DA606B629C21C9C00007A64 /* Build configuration list for PBXNativeTarget "GHFollowersUITests" */ = {
			isa = XCConfigurationList;
			buildConfigurations = (
				8DA606B729C21C9C00007A64 /* Debug */,
				8DA606B829C21C9C00007A64 /* Release */,
			);
			defaultConfigurationIsVisible = 0;
			defaultConfigurationName = Release;
		};
/* End XCConfigurationList section */
	};
	rootObject = 8DA6067E29C21C9800007A64 /* Project object */;
}
